
Microsoft Visual Studio Solution File, Format Version 12.00
# Visual Studio Version 17
VisualStudioVersion = 17.4.33213.308
MinimumVisualStudioVersion = 10.0.40219.1
Project("{9A19103F-16F7-4668-BE54-9A1E7A4F7556}") = "TANSTAAFL.TIMBERBORN.GrowthOverlay", "TANSTAAFL.TIMBERBORN.GrowthOverlay\TANSTAAFL.TIMBERBORN.GrowthOverlay.csproj", "{C4E7CC1C-19F8-4F96-AE61-D8A1F65C51BF}"
EndProject
Project("{2150E333-8FDC-42A3-9474-1A3956D46DE8}") = "files", "files", "{4A0EF6A7-E937-4BD0-95A7-DAB109078977}"
	ProjectSection(SolutionItems) = preProject
		.gitignore = .gitignore
		TANSTAAFL.TIMBERBORN.GrowthOverlay\mod_folder\GrowthOverlay\mod.json = TANSTAAFL.TIMBERBORN.GrowthOverlay\mod_folder\GrowthOverlay\mod.json
		README.md = README.md
	EndProjectSection
EndProject
Global
	GlobalSection(SolutionConfigurationPlatforms) = preSolution
		Debug|Any CPU = Debug|Any CPU
		Release|Any CPU = Release|Any CPU
	EndGlobalSection
	GlobalSection(ProjectConfigurationPlatforms) = postSolution
		{C4E7CC1C-19F8-4F96-AE61-D8A1F65C51BF}.Debug|Any CPU.ActiveCfg = Debug|Any CPU
		{C4E7CC1C-19F8-4F96-AE61-D8A1F65C51BF}.Debug|Any CPU.Build.0 = Debug|Any CPU
		{C4E7CC1C-19F8-4F96-AE61-D8A1F65C51BF}.Release|Any CPU.ActiveCfg = Release|Any CPU
		{C4E7CC1C-19F8-4F96-AE61-D8A1F65C51BF}.Release|Any CPU.Build.0 = Release|Any CPU
	EndGlobalSection
	GlobalSection(SolutionProperties) = preSolution
		HideSolutionNode = FALSE
	EndGlobalSection
	GlobalSection(ExtensibilityGlobals) = postSolution
		SolutionGuid = {0C0C5F3D-6A0D-4F5C-9603-0A6F6DEDF8F0}
	EndGlobalSection
EndGlobal
